
Microsoft Visual Studio Solution File, Format Version 12.00
# Visual Studio 15
VisualStudioVersion = 15.0.27703.2042
MinimumVisualStudioVersion = 10.0.40219.1
Project("{FAE04EC0-301F-11D3-BF4B-00C04F79EFBC}") = "Employees.Core", "Employees.Core\Employees.Core.csproj", "{33C1405A-7258-4A3D-A5C4-4F3563BD170B}"
EndProject
Project("{FAE04EC0-301F-11D3-BF4B-00C04F79EFBC}") = "Employees.UI", "Employees.UI\Employees.UI.csproj", "{30F5EB74-B73C-4116-8014-3A7550C08899}"
EndProject
Project("{FAE04EC0-301F-11D3-BF4B-00C04F79EFBC}") = "Employees.Test", "Employees.Test\Employees.Test.csproj", "{4CD2027B-EC38-4E9A-9E1D-15C2B5454F29}"
EndProject
Global
	GlobalSection(SolutionConfigurationPlatforms) = preSolution
		Debug|Any CPU = Debug|Any CPU
		Release|Any CPU = Release|Any CPU
	EndGlobalSection
	GlobalSection(ProjectConfigurationPlatforms) = postSolution
		{33C1405A-7258-4A3D-A5C4-4F3563BD170B}.Debug|Any CPU.ActiveCfg = Debug|Any CPU
		{33C1405A-7258-4A3D-A5C4-4F3563BD170B}.Debug|Any CPU.Build.0 = Debug|Any CPU
		{33C1405A-7258-4A3D-A5C4-4F3563BD170B}.Release|Any CPU.ActiveCfg = Release|Any CPU
		{33C1405A-7258-4A3D-A5C4-4F3563BD170B}.Release|Any CPU.Build.0 = Release|Any CPU
		{30F5EB74-B73C-4116-8014-3A7550C08899}.Debug|Any CPU.ActiveCfg = Debug|Any CPU
		{30F5EB74-B73C-4116-8014-3A7550C08899}.Debug|Any CPU.Build.0 = Debug|Any CPU
		{30F5EB74-B73C-4116-8014-3A7550C08899}.Release|Any CPU.ActiveCfg = Release|Any CPU
		{30F5EB74-B73C-4116-8014-3A7550C08899}.Release|Any CPU.Build.0 = Release|Any CPU
		{4CD2027B-EC38-4E9A-9E1D-15C2B5454F29}.Debug|Any CPU.ActiveCfg = Debug|Any CPU
		{4CD2027B-EC38-4E9A-9E1D-15C2B5454F29}.Debug|Any CPU.Build.0 = Debug|Any CPU
		{4CD2027B-EC38-4E9A-9E1D-15C2B5454F29}.Release|Any CPU.ActiveCfg = Release|Any CPU
		{4CD2027B-EC38-4E9A-9E1D-15C2B5454F29}.Release|Any CPU.Build.0 = Release|Any CPU
	EndGlobalSection
	GlobalSection(SolutionProperties) = preSolution
		HideSolutionNode = FALSE
	EndGlobalSection
	GlobalSection(ExtensibilityGlobals) = postSolution
		SolutionGuid = {374DCEA5-9028-4EB6-94EA-9C081A2CA7CA}
	EndGlobalSection
EndGlobal
